
Microsoft Visual Studio Solution File, Format Version 12.00
# Visual Studio Version 17
VisualStudioVersion = 17.0.31903.59
MinimumVisualStudioVersion = 10.0.40219.1
Project("{FAE04EC0-301F-11D3-BF4B-00C04F79EFBC}") = "ApiFootball", "ApiFootball\ApiFootball.csproj", "{DC43B42D-9087-42FE-9C44-23D4D8928A36}"
EndProject
Project("{FAE04EC0-301F-11D3-BF4B-00C04F79EFBC}") = "Application", "Application\Application.csproj", "{7AE9C7E6-7852-4983-928C-15C98414A3E3}"
EndProject
Project("{FAE04EC0-301F-11D3-BF4B-00C04F79EFBC}") = "Domain", "Domain\Domain.csproj", "{52924B75-28AC-4B0D-A891-3BF0845983D2}"
EndProject
Project("{FAE04EC0-301F-11D3-BF4B-00C04F79EFBC}") = "Persistence", "Persistence\Persistence.csproj", "{F4AADD95-4C15-4E56-A89B-8D4436CF4954}"
EndProject
Global
	GlobalSection(SolutionConfigurationPlatforms) = preSolution
		Debug|Any CPU = Debug|Any CPU
		Release|Any CPU = Release|Any CPU
	EndGlobalSection
	GlobalSection(SolutionProperties) = preSolution
		HideSolutionNode = FALSE
	EndGlobalSection
	GlobalSection(ProjectConfigurationPlatforms) = postSolution
		{DC43B42D-9087-42FE-9C44-23D4D8928A36}.Debug|Any CPU.ActiveCfg = Debug|Any CPU
		{DC43B42D-9087-42FE-9C44-23D4D8928A36}.Debug|Any CPU.Build.0 = Debug|Any CPU
		{DC43B42D-9087-42FE-9C44-23D4D8928A36}.Release|Any CPU.ActiveCfg = Release|Any CPU
		{DC43B42D-9087-42FE-9C44-23D4D8928A36}.Release|Any CPU.Build.0 = Release|Any CPU
		{7AE9C7E6-7852-4983-928C-15C98414A3E3}.Debug|Any CPU.ActiveCfg = Debug|Any CPU
		{7AE9C7E6-7852-4983-928C-15C98414A3E3}.Debug|Any CPU.Build.0 = Debug|Any CPU
		{7AE9C7E6-7852-4983-928C-15C98414A3E3}.Release|Any CPU.ActiveCfg = Release|Any CPU
		{7AE9C7E6-7852-4983-928C-15C98414A3E3}.Release|Any CPU.Build.0 = Release|Any CPU
		{52924B75-28AC-4B0D-A891-3BF0845983D2}.Debug|Any CPU.ActiveCfg = Debug|Any CPU
		{52924B75-28AC-4B0D-A891-3BF0845983D2}.Debug|Any CPU.Build.0 = Debug|Any CPU
		{52924B75-28AC-4B0D-A891-3BF0845983D2}.Release|Any CPU.ActiveCfg = Release|Any CPU
		{52924B75-28AC-4B0D-A891-3BF0845983D2}.Release|Any CPU.Build.0 = Release|Any CPU
		{F4AADD95-4C15-4E56-A89B-8D4436CF4954}.Debug|Any CPU.ActiveCfg = Debug|Any CPU
		{F4AADD95-4C15-4E56-A89B-8D4436CF4954}.Debug|Any CPU.Build.0 = Debug|Any CPU
		{F4AADD95-4C15-4E56-A89B-8D4436CF4954}.Release|Any CPU.ActiveCfg = Release|Any CPU
		{F4AADD95-4C15-4E56-A89B-8D4436CF4954}.Release|Any CPU.Build.0 = Release|Any CPU
	EndGlobalSection
EndGlobal
